lockfileVersion: '9.0'

settings:
  autoInstallPeers: true
  excludeLinksFromLockfile: false

importers:

  .:
    devDependencies:
      '@types/aws-lambda':
        specifier: ^8.10.92
        version: 8.10.138

packages:

  '@types/aws-lambda@8.10.138':
    resolution: {integrity: sha512-71EHMl70TPWIAsFuHd85NHq6S6T2OOjiisPTrH7RgcjzpJpPh4RQJv7PvVvIxc6PIp8CLV7F9B+TdjcAES5vcA==}

snapshots:

  '@types/aws-lambda@8.10.138': {}
