lockfileVersion: '9.0'

settings:
  autoInstallPeers: true
  excludeLinksFromLockfile: false

importers:

  .:
    devDependencies:
      '@types/aws-lambda':
        specifier: ^8.10.92
        version: 8.10.149

packages:

  '@types/aws-lambda@8.10.149':
    resolution: {integrity: sha512-NXSZIhfJjnXqJgtS7IwutqIF/SOy1Wz5Px4gUY1RWITp3AYTyuJS4xaXr/bIJY1v15XMzrJ5soGnPM+7uigZjA==}

snapshots:

  '@types/aws-lambda@8.10.149': {}
